
Microsoft Visual Studio Solution File, Format Version 12.00
Project("{FAE04EC0-301F-11D3-BF4B-00C04F79EFBC}") = "ExampleApp", "ExampleApp\ExampleApp.csproj", "{9886E9EC-1784-4C25-A4E3-0D51966C2A61}"
EndProject
Project("{FAE04EC0-301F-11D3-BF4B-00C04F79EFBC}") = "AvaloniaExtensions", "AvaloniaExtensions\AvaloniaExtensions.csproj", "{9E02B6CB-6AEF-486E-8F3D-C9FE37B40771}"
EndProject
Global
	GlobalSection(SolutionConfigurationPlatforms) = preSolution
		Debug|Any CPU = Debug|Any CPU
		Release|Any CPU = Release|Any CPU
	EndGlobalSection
	GlobalSection(ProjectConfigurationPlatforms) = postSolution
		{9886E9EC-1784-4C25-A4E3-0D51966C2A61}.Debug|Any CPU.ActiveCfg = Debug|Any CPU
		{9886E9EC-1784-4C25-A4E3-0D51966C2A61}.Debug|Any CPU.Build.0 = Debug|Any CPU
		{9886E9EC-1784-4C25-A4E3-0D51966C2A61}.Release|Any CPU.ActiveCfg = Release|Any CPU
		{9886E9EC-1784-4C25-A4E3-0D51966C2A61}.Release|Any CPU.Build.0 = Release|Any CPU
		{9E02B6CB-6AEF-486E-8F3D-C9FE37B40771}.Debug|Any CPU.ActiveCfg = Debug|Any CPU
		{9E02B6CB-6AEF-486E-8F3D-C9FE37B40771}.Debug|Any CPU.Build.0 = Debug|Any CPU
		{9E02B6CB-6AEF-486E-8F3D-C9FE37B40771}.Release|Any CPU.ActiveCfg = Release|Any CPU
		{9E02B6CB-6AEF-486E-8F3D-C9FE37B40771}.Release|Any CPU.Build.0 = Release|Any CPU
	EndGlobalSection
	GlobalSection(NestedProjects) = preSolution
	EndGlobalSection
EndGlobal
